
Microsoft Visual Studio Solution File, Format Version 12.00
# Visual Studio Version 17
VisualStudioVersion = 17.1.32328.378
MinimumVisualStudioVersion = 10.0.40219.1
Project("{9A19103F-16F7-4668-BE54-9A1E7A4F7556}") = "udemy.lambda", "udemy.lambda\udemy.lambda.csproj", "{5D10D95D-0592-4D49-9D6E-F5D4423C1DA8}"
EndProject
Project("{9A19103F-16F7-4668-BE54-9A1E7A4F7556}") = "udemy.lambda.annotations", "udemy.lambda.annotations\udemy.lambda.annotations.csproj", "{F48DF775-7333-4E06-A89A-D5F54FDD7636}"
EndProject
Global
	GlobalSection(SolutionConfigurationPlatforms) = preSolution
		Debug|Any CPU = Debug|Any CPU
		Release|Any CPU = Release|Any CPU
	EndGlobalSection
	GlobalSection(ProjectConfigurationPlatforms) = postSolution
		{5D10D95D-0592-4D49-9D6E-F5D4423C1DA8}.Debug|Any CPU.ActiveCfg = Debug|Any CPU
		{5D10D95D-0592-4D49-9D6E-F5D4423C1DA8}.Debug|Any CPU.Build.0 = Debug|Any CPU
		{5D10D95D-0592-4D49-9D6E-F5D4423C1DA8}.Release|Any CPU.ActiveCfg = Release|Any CPU
		{5D10D95D-0592-4D49-9D6E-F5D4423C1DA8}.Release|Any CPU.Build.0 = Release|Any CPU
		{F48DF775-7333-4E06-A89A-D5F54FDD7636}.Debug|Any CPU.ActiveCfg = Debug|Any CPU
		{F48DF775-7333-4E06-A89A-D5F54FDD7636}.Debug|Any CPU.Build.0 = Debug|Any CPU
		{F48DF775-7333-4E06-A89A-D5F54FDD7636}.Release|Any CPU.ActiveCfg = Release|Any CPU
		{F48DF775-7333-4E06-A89A-D5F54FDD7636}.Release|Any CPU.Build.0 = Release|Any CPU
	EndGlobalSection
	GlobalSection(SolutionProperties) = preSolution
		HideSolutionNode = FALSE
	EndGlobalSection
	GlobalSection(ExtensibilityGlobals) = postSolution
		SolutionGuid = {7A8A2556-EA8F-4601-9A9B-35FFDC174F11}
	EndGlobalSection
EndGlobal
